<?xml version="1.0" encoding="utf-8"?>
<Project ToolsVersion="4.0" xmlns="http://schemas.microsoft.com/developer/msbuild/2003">
  <ItemGroup>
    <ClCompile Include="BiddingFacility.cpp">
      <Filter>Source Files</Filter>
    </ClCompile>
    <ClCompile Include="Cards.cpp">
      <Filter>Source Files</Filter>
    </ClCompile>
    <ClCompile Include="Driver.cpp">
      <Filter>Source Files</Filter>
    </ClCompile>
    <ClCompile Include="Game.cpp">
      <Filter>Source Files</Filter>
    </ClCompile>
    <ClCompile Include="Map.cpp">
      <Filter>Source Files</Filter>
    </ClCompile>
    <ClCompile Include="MapLoader.cpp">
      <Filter>Source Files</Filter>
    </ClCompile>
    <ClCompile Include="Player.cpp">
      <Filter>Source Files</Filter>
    </ClCompile>
    <ClCompile Include="PlayerDriver.cpp">
      <Filter>Source Files</Filter>
    </ClCompile>
    <ClCompile Include="SetupDriver.cpp">
      <Filter>Source Files</Filter>
    </ClCompile>
    <ClCompile Include="ScoreDriver.cpp">
      <Filter>Source Files</Filter>
    </ClCompile>
    <ClCompile Include="CardsDriver.cpp" />
    <ClCompile Include="MapDriver.cpp" />
    <ClCompile Include="MapLoaderDriver.cpp" />
    <ClCompile Include="Setup.cpp" />
  </ItemGroup>
  <ItemGroup>
    <ClInclude Include="BiddingFacility.h">
      <Filter>Header Files</Filter>
    </ClInclude>
    <ClInclude Include="Game.h">
      <Filter>Header Files</Filter>
    </ClInclude>
    <ClInclude Include="Map.h">
      <Filter>Header Files</Filter>
    </ClInclude>
    <ClInclude Include="MapLoader.h">
      <Filter>Header Files</Filter>
    </ClInclude>
    <ClInclude Include="Player.h">
      <Filter>Header Files</Filter>
    </ClInclude>
    <ClInclude Include="Cards.h">
      <Filter>Header Files</Filter>
    </ClInclude>
    <ClInclude Include="Setup.h" />
  </ItemGroup>
  <ItemGroup>
    <Filter Include="Source Files">
      <UniqueIdentifier>{c0cc9626-8d78-4369-b9ce-42cd0ed6f27a}</UniqueIdentifier>
    </Filter>
    <Filter Include="Header Files">
      <UniqueIdentifier>{c21c7785-3362-40fc-93e4-4e7f9fd91c8b}</UniqueIdentifier>
    </Filter>
  </ItemGroup>
  <ItemGroup>
    <Text Include="Maps\Map2a.txt" />
    <Text Include="Maps\Map2b.txt" />
    <Text Include="Maps\Map3a.txt" />
    <Text Include="Maps\Map3b.txt" />
    <Text Include="Maps\Map4a.txt" />
    <Text Include="Maps\Map4b.txt" />
    <Text Include="Team members.txt" />
    <Text Include="Work Log.txt" />
    <Text Include="Maps\MapFail1.txt" />
    <Text Include="Maps\MapFail2.txt" />
  </ItemGroup>
</Project>